
Microsoft Visual Studio Solution File, Format Version 12.00
# Visual Studio Version 16
VisualStudioVersion = 25.0.1703.5
MinimumVisualStudioVersion = 10.0.40219.1
Project("{FAE04EC0-301F-11D3-BF4B-00C04F79EFBC}") = "RaceSimulator", "RaceSimulator\RaceSimulator.csproj", "{6B3D3F64-59E8-4F94-B85F-F9B894CB3CC8}"
EndProject
Project("{FAE04EC0-301F-11D3-BF4B-00C04F79EFBC}") = "Model", "Model\Model.csproj", "{016A9196-DA7C-414A-B683-730D93C19F91}"
EndProject
Project("{FAE04EC0-301F-11D3-BF4B-00C04F79EFBC}") = "Controller", "Controller\Controller.csproj", "{5DB50CAA-DB67-49CE-A076-7E1CE32E61D8}"
EndProject
Project("{FAE04EC0-301F-11D3-BF4B-00C04F79EFBC}") = "ControllerTest", "ControllerTest\ControllerTest.csproj", "{88FC320C-4A80-421D-B44F-ECB3BFB6E9C4}"
EndProject
Project("{FAE04EC0-301F-11D3-BF4B-00C04F79EFBC}") = "WPFApp", "WPFApp\WPFApp.csproj", "{37BF8712-4183-45D4-8089-B41F70104447}"
EndProject
Global
	GlobalSection(SolutionConfigurationPlatforms) = preSolution
		Debug|Any CPU = Debug|Any CPU
		Release|Any CPU = Release|Any CPU
	EndGlobalSection
	GlobalSection(ProjectConfigurationPlatforms) = postSolution
		{6B3D3F64-59E8-4F94-B85F-F9B894CB3CC8}.Debug|Any CPU.ActiveCfg = Debug|Any CPU
		{6B3D3F64-59E8-4F94-B85F-F9B894CB3CC8}.Debug|Any CPU.Build.0 = Debug|Any CPU
		{6B3D3F64-59E8-4F94-B85F-F9B894CB3CC8}.Release|Any CPU.ActiveCfg = Release|Any CPU
		{6B3D3F64-59E8-4F94-B85F-F9B894CB3CC8}.Release|Any CPU.Build.0 = Release|Any CPU
		{016A9196-DA7C-414A-B683-730D93C19F91}.Debug|Any CPU.ActiveCfg = Debug|Any CPU
		{016A9196-DA7C-414A-B683-730D93C19F91}.Debug|Any CPU.Build.0 = Debug|Any CPU
		{016A9196-DA7C-414A-B683-730D93C19F91}.Release|Any CPU.ActiveCfg = Release|Any CPU
		{016A9196-DA7C-414A-B683-730D93C19F91}.Release|Any CPU.Build.0 = Release|Any CPU
		{5DB50CAA-DB67-49CE-A076-7E1CE32E61D8}.Debug|Any CPU.ActiveCfg = Debug|Any CPU
		{5DB50CAA-DB67-49CE-A076-7E1CE32E61D8}.Debug|Any CPU.Build.0 = Debug|Any CPU
		{5DB50CAA-DB67-49CE-A076-7E1CE32E61D8}.Release|Any CPU.ActiveCfg = Release|Any CPU
		{5DB50CAA-DB67-49CE-A076-7E1CE32E61D8}.Release|Any CPU.Build.0 = Release|Any CPU
		{88FC320C-4A80-421D-B44F-ECB3BFB6E9C4}.Debug|Any CPU.ActiveCfg = Debug|Any CPU
		{88FC320C-4A80-421D-B44F-ECB3BFB6E9C4}.Debug|Any CPU.Build.0 = Debug|Any CPU
		{88FC320C-4A80-421D-B44F-ECB3BFB6E9C4}.Release|Any CPU.ActiveCfg = Release|Any CPU
		{88FC320C-4A80-421D-B44F-ECB3BFB6E9C4}.Release|Any CPU.Build.0 = Release|Any CPU
		{37BF8712-4183-45D4-8089-B41F70104447}.Debug|Any CPU.ActiveCfg = Debug|Any CPU
		{37BF8712-4183-45D4-8089-B41F70104447}.Debug|Any CPU.Build.0 = Debug|Any CPU
		{37BF8712-4183-45D4-8089-B41F70104447}.Release|Any CPU.ActiveCfg = Release|Any CPU
		{37BF8712-4183-45D4-8089-B41F70104447}.Release|Any CPU.Build.0 = Release|Any CPU
	EndGlobalSection
	GlobalSection(SolutionProperties) = preSolution
		HideSolutionNode = FALSE
	EndGlobalSection
	GlobalSection(ExtensibilityGlobals) = postSolution
		SolutionGuid = {4F427292-64E1-4CD5-9D2E-C15CEA6CBA6A}
	EndGlobalSection
EndGlobal
